// !$*UTF8*$!
{
	archiveVersion = 1;
	classes = {
	};
	objectVersion = 46;
	objects = {

/* Begin PBXAggregateTarget section */
		173B328AB0294276B2EA4A84 /* ALL_BUILD */ = {
			isa = PBXAggregateTarget;
			buildConfigurationList = 8F3A3B5CC42D4B9A92B7D703 /* Build configuration list for PBXAggregateTarget "ALL_BUILD" */;
			buildPhases = (
				ECE907B2365E4DB089925B9B /* Generate CMakeFiles/ALL_BUILD */,
			);
			dependencies = (
				8AD0B126D3034CDCB71F5F70 /* PBXTargetDependency */,
				340AFEDA0FAF48CF9EE275AA /* PBXTargetDependency */,
			);
			name = ALL_BUILD;
			productName = ALL_BUILD;
		};
		8FEB3DD50CAB4BB99A9DF4F6 /* ZERO_CHECK */ = {
			isa = PBXAggregateTarget;
			buildConfigurationList = 09E2FD8BB44F4D2A8328F804 /* Build configuration list for PBXAggregateTarget "ZERO_CHECK" */;
			buildPhases = (
				602A846BEB8845388B61E48E /* Generate CMakeFiles/ZERO_CHECK */,
			);
			dependencies = (
			);
			name = ZERO_CHECK;
			productName = ZERO_CHECK;
		};
/* End PBXAggregateTarget section */

/* Begin PBXBuildFile section */
		13CA95A7F1984664AD914887 /* /Users/apple/Desktop/PRALG/TP4/quadtree/quadtree.h */ = {isa = PBXBuildFile; fileRef = B59B7121019242AC92A54667 /* /Users/apple/Desktop/PRALG/TP4/quadtree/quadtree.h */; };
		3D9A2E63497646C5AF673DDF /* /Users/apple/Desktop/PRALG/TP4/main.cpp */ = {isa = PBXBuildFile; fileRef = C09D94569398489CB76BF153 /* /Users/apple/Desktop/PRALG/TP4/main.cpp */; };
		649554068B1A455A93E4F4E9 /* /Users/apple/Desktop/PRALG/TP4/CMakeLists.txt */ = {isa = PBXBuildFile; fileRef = 9F05281DB2A84512BE75447B /* /Users/apple/Desktop/PRALG/TP4/CMakeLists.txt */; };
		80C683F7E57241449E1ED20D /* /Users/apple/Desktop/PRALG/TP4/dfs.h */ = {isa = PBXBuildFile; fileRef = 295C251E6FFC4891B4E1CB4D /* /Users/apple/Desktop/PRALG/TP4/dfs.h */; };
/* End PBXBuildFile section */

/* Begin PBXBuildStyle section */
		1E2CF073E4354D3FB14591DD /* Debug */ = {
			isa = PBXBuildStyle;
			buildSettings = {
				COPY_PHASE_STRIP = NO;
			};
			name = Debug;
		};
		27612021AD0F4335A8780689 /* RelWithDebInfo */ = {
			isa = PBXBuildStyle;
			buildSettings = {
				COPY_PHASE_STRIP = NO;
			};
			name = RelWithDebInfo;
		};
		28C91EEA32904A40A35A5B77 /* Release */ = {
			isa = PBXBuildStyle;
			buildSettings = {
				COPY_PHASE_STRIP = NO;
			};
			name = Release;
		};
		FAD6FCFEF7F14EC88844B6A5 /* MinSizeRel */ = {
			isa = PBXBuildStyle;
			buildSettings = {
				COPY_PHASE_STRIP = NO;
			};
			name = MinSizeRel;
		};
/* End PBXBuildStyle section */

/* Begin PBXContainerItemProxy section */
		34160AE4747442D985918AB3 /* PBXContainerItemProxy */ = {
			isa = PBXContainerItemProxy;
			containerPortal = 8A1C88F0A33D4FB98D6DF41B /* Project object */;
			proxyType = 1;
			remoteGlobalIDString = 91B89DC30D904CBBA4F932E3;
			remoteInfo = TP4;
		};
		984EB2ACB8F44CF8AE27388C /* PBXContainerItemProxy */ = {
			isa = PBXContainerItemProxy;
			containerPortal = 8A1C88F0A33D4FB98D6DF41B /* Project object */;
			proxyType = 1;
			remoteGlobalIDString = 8FEB3DD50CAB4BB99A9DF4F6;
			remoteInfo = ZERO_CHECK;
		};
		FEE96A99AB0E43D0A529234E /* PBXContainerItemProxy */ = {
			isa = PBXContainerItemProxy;
			containerPortal = 8A1C88F0A33D4FB98D6DF41B /* Project object */;
			proxyType = 1;
			remoteGlobalIDString = 8FEB3DD50CAB4BB99A9DF4F6;
			remoteInfo = ZERO_CHECK;
		};
/* End PBXContainerItemProxy section */

/* Begin PBXFileReference section */
		295C251E6FFC4891B4E1CB4D /* /Users/apple/Desktop/PRALG/TP4/dfs.h */ = {isa = PBXFileReference; explicitFileType = sourcecode.c.h; fileEncoding = 4; name = dfs.h; path = dfs.h; sourceTree = SOURCE_ROOT; };
		6D8ADA5399044E8AAD5C99F7 /* TP4 */ = {isa = PBXFileReference; explicitFileType = "compiled.mach-o.executable"; path = TP4; sourceTree = BUILT_PRODUCTS_DIR; };
		9F05281DB2A84512BE75447B /* /Users/apple/Desktop/PRALG/TP4/CMakeLists.txt */ = {isa = PBXFileReference; explicitFileType = sourcecode.text; fileEncoding = 4; name = CMakeLists.txt; path = CMakeLists.txt; sourceTree = SOURCE_ROOT; };
		B59B7121019242AC92A54667 /* /Users/apple/Desktop/PRALG/TP4/quadtree/quadtree.h */ = {isa = PBXFileReference; explicitFileType = sourcecode.c.h; fileEncoding = 4; name = quadtree.h; path = quadtree/quadtree.h; sourceTree = SOURCE_ROOT; };
		C09D94569398489CB76BF153 /* /Users/apple/Desktop/PRALG/TP4/main.cpp */ = {isa = PBXFileReference; explicitFileType = sourcecode.cpp.cpp; fileEncoding = 4; name = main.cpp; path = main.cpp; sourceTree = SOURCE_ROOT; };
		D1A26A057CE14533ACF9F9B0 /* /Users/apple/Desktop/PRALG/TP4/CMakeLists.txt */ = {isa = PBXFileReference; explicitFileType = sourcecode.text; fileEncoding = 4; name = CMakeLists.txt; path = CMakeLists.txt; sourceTree = SOURCE_ROOT; };
/* End PBXFileReference section */

/* Begin PBXFrameworksBuildPhase section */
		3491B3370E65405C81E7D173 /* Frameworks */ = {
			isa = PBXFrameworksBuildPhase;
			buildActionMask = 2147483647;
			files = (
			);
			runOnlyForDeploymentPostprocessing = 0;
		};
/* End PBXFrameworksBuildPhase section */

/* Begin PBXGroup section */
		0AE495C60AEF41B1BAFD1B58 /* TP4 */ = {
			isa = PBXGroup;
			children = (
				19E4F95009E147E595DE7F34 /* Header Files */,
				E8F710A82748486585541979 /* Source Files */,
				9F05281DB2A84512BE75447B /* /Users/apple/Desktop/PRALG/TP4/CMakeLists.txt */,
			);
			name = TP4;
			sourceTree = "<group>";
		};
		19E4F95009E147E595DE7F34 /* Header Files */ = {
			isa = PBXGroup;
			children = (
				295C251E6FFC4891B4E1CB4D /* /Users/apple/Desktop/PRALG/TP4/dfs.h */,
				B59B7121019242AC92A54667 /* /Users/apple/Desktop/PRALG/TP4/quadtree/quadtree.h */,
			);
			name = "Header Files";
			sourceTree = "<group>";
		};
		6DD7CB4881264D5C9D30A60F = {
			isa = PBXGroup;
			children = (
				0AE495C60AEF41B1BAFD1B58 /* TP4 */,
				AB13F0238FD344E6B05CEF7A /* ALL_BUILD */,
				D4DF46DA4B48470C8AB0D14D /* Products */,
				A73D00E4F10040B6852B50A1 /* Frameworks */,
			);
			sourceTree = "<group>";
		};
		A73D00E4F10040B6852B50A1 /* Frameworks */ = {
			isa = PBXGroup;
			children = (
			);
			name = Frameworks;
			sourceTree = "<group>";
		};
		AB13F0238FD344E6B05CEF7A /* ALL_BUILD */ = {
			isa = PBXGroup;
			children = (
				F8A3862EBE1146769E32E082 /* CMake Rules */,
				D1A26A057CE14533ACF9F9B0 /* /Users/apple/Desktop/PRALG/TP4/CMakeLists.txt */,
			);
			name = ALL_BUILD;
			sourceTree = "<group>";
		};
		D4DF46DA4B48470C8AB0D14D /* Products */ = {
			isa = PBXGroup;
			children = (
				6D8ADA5399044E8AAD5C99F7 /* TP4 */,
			);
			name = Products;
			sourceTree = "<group>";
		};
		E8F710A82748486585541979 /* Source Files */ = {
			isa = PBXGroup;
			children = (
				C09D94569398489CB76BF153 /* /Users/apple/Desktop/PRALG/TP4/main.cpp */,
			);
			name = "Source Files";
			sourceTree = "<group>";
		};
		F8A3862EBE1146769E32E082 /* CMake Rules */ = {
			isa = PBXGroup;
			children = (
			);
			name = "CMake Rules";
			sourceTree = "<group>";
		};
/* End PBXGroup section */

/* Begin PBXNativeTarget section */
		91B89DC30D904CBBA4F932E3 /* TP4 */ = {
			isa = PBXNativeTarget;
			buildConfigurationList = 39F39450864D48F3B5F8E532 /* Build configuration list for PBXNativeTarget "TP4" */;
			buildPhases = (
				AAEE40E621A34081BA5D340C /* Sources */,
				3491B3370E65405C81E7D173 /* Frameworks */,
			);
			buildRules = (
			);
			dependencies = (
				6E359EEEF81D46728C79E104 /* PBXTargetDependency */,
			);
			name = TP4;
			productName = TP4;
			productReference = 6D8ADA5399044E8AAD5C99F7 /* TP4 */;
			productType = "com.apple.product-type.tool";
		};
/* End PBXNativeTarget section */

/* Begin PBXProject section */
		8A1C88F0A33D4FB98D6DF41B /* Project object */ = {
			isa = PBXProject;
			attributes = {
				BuildIndependentTargetsInParallel = YES;
				LastUpgradeCheck = 1210;
			};
			buildConfigurationList = 41F344E1EC2C4539ABC60325 /* Build configuration list for PBXProject "TP4" */;
			buildSettings = {
			};
			buildStyles = (
				1E2CF073E4354D3FB14591DD /* Debug */,
				28C91EEA32904A40A35A5B77 /* Release */,
				FAD6FCFEF7F14EC88844B6A5 /* MinSizeRel */,
				27612021AD0F4335A8780689 /* RelWithDebInfo */,
			);
			compatibilityVersion = "Xcode 3.2";
			hasScannedForEncodings = 0;
			mainGroup = 6DD7CB4881264D5C9D30A60F;
			projectDirPath = .;
			projectRoot = "";
			targets = (
				173B328AB0294276B2EA4A84 /* ALL_BUILD */,
				91B89DC30D904CBBA4F932E3 /* TP4 */,
				8FEB3DD50CAB4BB99A9DF4F6 /* ZERO_CHECK */,
			);
		};
/* End PBXProject section */

/* Begin PBXShellScriptBuildPhase section */
		31AB150B92DF44769F472751 = {
			isa = PBXShellScriptBuildPhase;
			buildActionMask = 2147483647;
			files = (
			);
			inputPaths = (
			);
			outputPaths = (
			);
			runOnlyForDeploymentPostprocessing = 0;
			shellPath = /bin/sh;
			shellScript = "# shell script goes here
exit 0";
			showEnvVarsInLog = 0;
		};
		602A846BEB8845388B61E48E /* Generate CMakeFiles/ZERO_CHECK */ = {
			isa = PBXShellScriptBuildPhase;
			alwaysOutOfDate = 1;
			buildActionMask = 2147483647;
			files = (
			);
			inputPaths = (
			);
			name = "Generate CMakeFiles/ZERO_CHECK";
			outputPaths = (
/Users/apple/Desktop/PRALG/TP4/CMakeFiles/ZERO_CHECK			);
			runOnlyForDeploymentPostprocessing = 0;
			shellPath = /bin/sh;
			shellScript = "set -e
if test \"$CONFIGURATION\" = \"Debug\"; then :
  cd /Users/apple/Desktop/PRALG/TP4
  make -f /Users/apple/Desktop/PRALG/TP4/CMakeScripts/ReRunCMake.make
fi
if test \"$CONFIGURATION\" = \"Release\"; then :
  cd /Users/apple/Desktop/PRALG/TP4
  make -f /Users/apple/Desktop/PRALG/TP4/CMakeScripts/ReRunCMake.make
fi
if test \"$CONFIGURATION\" = \"MinSizeRel\"; then :
  cd /Users/apple/Desktop/PRALG/TP4
  make -f /Users/apple/Desktop/PRALG/TP4/CMakeScripts/ReRunCMake.make
fi
if test \"$CONFIGURATION\" = \"RelWithDebInfo\"; then :
  cd /Users/apple/Desktop/PRALG/TP4
  make -f /Users/apple/Desktop/PRALG/TP4/CMakeScripts/ReRunCMake.make
fi
";
			showEnvVarsInLog = 0;
		};
		DDF8A3E1D25848C8BA78E65D = {
			isa = PBXShellScriptBuildPhase;
			buildActionMask = 2147483647;
			files = (
			);
			inputPaths = (
			);
			outputPaths = (
			);
			runOnlyForDeploymentPostprocessing = 0;
			shellPath = /bin/sh;
			shellScript = "# shell script goes here
exit 0";
			showEnvVarsInLog = 0;
		};
		ECE907B2365E4DB089925B9B /* Generate CMakeFiles/ALL_BUILD */ = {
			isa = PBXShellScriptBuildPhase;
			alwaysOutOfDate = 1;
			buildActionMask = 2147483647;
			files = (
			);
			inputPaths = (
			);
			name = "Generate CMakeFiles/ALL_BUILD";
			outputPaths = (
/Users/apple/Desktop/PRALG/TP4/CMakeFiles/ALL_BUILD			);
			runOnlyForDeploymentPostprocessing = 0;
			shellPath = /bin/sh;
			shellScript = "set -e
if test \"$CONFIGURATION\" = \"Debug\"; then :
  cd /Users/apple/Desktop/PRALG/TP4
  echo Build\\ all\\ projects
fi
if test \"$CONFIGURATION\" = \"Release\"; then :
  cd /Users/apple/Desktop/PRALG/TP4
  echo Build\\ all\\ projects
fi
if test \"$CONFIGURATION\" = \"MinSizeRel\"; then :
  cd /Users/apple/Desktop/PRALG/TP4
  echo Build\\ all\\ projects
fi
if test \"$CONFIGURATION\" = \"RelWithDebInfo\"; then :
  cd /Users/apple/Desktop/PRALG/TP4
  echo Build\\ all\\ projects
fi
";
			showEnvVarsInLog = 0;
		};
/* End PBXShellScriptBuildPhase section */

/* Begin PBXSourcesBuildPhase section */
		AAEE40E621A34081BA5D340C /* Sources */ = {
			isa = PBXSourcesBuildPhase;
			buildActionMask = 2147483647;
			files = (
				3D9A2E63497646C5AF673DDF /* /Users/apple/Desktop/PRALG/TP4/main.cpp */,
			);
			runOnlyForDeploymentPostprocessing = 0;
		};
/* End PBXSourcesBuildPhase section */

/* Begin PBXTargetDependency section */
		340AFEDA0FAF48CF9EE275AA /* PBXTargetDependency */ = {
			isa = PBXTargetDependency;
			target = 91B89DC30D904CBBA4F932E3 /* TP4 */;
			targetProxy = 34160AE4747442D985918AB3 /* PBXContainerItemProxy */;
		};
		6E359EEEF81D46728C79E104 /* PBXTargetDependency */ = {
			isa = PBXTargetDependency;
			target = 8FEB3DD50CAB4BB99A9DF4F6 /* ZERO_CHECK */;
			targetProxy = FEE96A99AB0E43D0A529234E /* PBXContainerItemProxy */;
		};
		8AD0B126D3034CDCB71F5F70 /* PBXTargetDependency */ = {
			isa = PBXTargetDependency;
			target = 8FEB3DD50CAB4BB99A9DF4F6 /* ZERO_CHECK */;
			targetProxy = 984EB2ACB8F44CF8AE27388C /* PBXContainerItemProxy */;
		};
/* End PBXTargetDependency section */

/* Begin XCBuildConfiguration section */
		05CF79A606114F0CA7711F94 /* MinSizeRel */ = {
			isa = XCBuildConfiguration;
			buildSettings = {
				ARCHS = "$(NATIVE_ARCH_ACTUAL)";
				ONLY_ACTIVE_ARCH = YES;
				SDKROOT = /Applications/Xcode.app/Contents/Developer/Platforms/MacOSX.platform/Developer/SDKs/MacOSX10.15.sdk;
				SYMROOT = /Users/apple/Desktop/PRALG/TP4/build;
			};
			name = MinSizeRel;
		};
		07DC0C30EB3B41FC835BEC08 /* Release */ = {
			isa = XCBuildConfiguration;
			buildSettings = {
				COMBINE_HIDPI_IMAGES = YES;
				GCC_GENERATE_DEBUGGING_SYMBOLS = YES;
				GCC_INLINES_ARE_PRIVATE_EXTERN = NO;
				GCC_OPTIMIZATION_LEVEL = 0;
				GCC_PREPROCESSOR_DEFINITIONS = ("'CMAKE_INTDIR=\"$(CONFIGURATION)$(EFFECTIVE_PLATFORM_NAME)\"'");
				GCC_SYMBOLS_PRIVATE_EXTERN = NO;
				INSTALL_PATH = "";
				OTHER_LDFLAGS = ("");
				OTHER_REZFLAGS = "";
				PRODUCT_NAME = ZERO_CHECK;
				SECTORDER_FLAGS = "";
				SYMROOT = /Users/apple/Desktop/PRALG/TP4;
				USE_HEADERMAP = NO;
				WARNING_CFLAGS = ("$(inherited)");
			};
			name = Release;
		};
		17E07CBA54EE47D499901264 /* Release */ = {
			isa = XCBuildConfiguration;
			buildSettings = {
				COMBINE_HIDPI_IMAGES = YES;
				GCC_GENERATE_DEBUGGING_SYMBOLS = YES;
				GCC_INLINES_ARE_PRIVATE_EXTERN = NO;
				GCC_OPTIMIZATION_LEVEL = 0;
				GCC_PREPROCESSOR_DEFINITIONS = ("'CMAKE_INTDIR=\"$(CONFIGURATION)$(EFFECTIVE_PLATFORM_NAME)\"'");
				GCC_SYMBOLS_PRIVATE_EXTERN = NO;
				INSTALL_PATH = "";
				OTHER_LDFLAGS = ("");
				OTHER_REZFLAGS = "";
				PRODUCT_NAME = ALL_BUILD;
				SECTORDER_FLAGS = "";
				SYMROOT = /Users/apple/Desktop/PRALG/TP4;
				USE_HEADERMAP = NO;
				WARNING_CFLAGS = ("$(inherited)");
			};
			name = Release;
		};
		1BDA45E60FA543E0A160B0F0 /* MinSizeRel */ = {
			isa = XCBuildConfiguration;
			buildSettings = {
				COMBINE_HIDPI_IMAGES = YES;
				GCC_GENERATE_DEBUGGING_SYMBOLS = YES;
				GCC_INLINES_ARE_PRIVATE_EXTERN = NO;
				GCC_OPTIMIZATION_LEVEL = 0;
				GCC_PREPROCESSOR_DEFINITIONS = ("'CMAKE_INTDIR=\"$(CONFIGURATION)$(EFFECTIVE_PLATFORM_NAME)\"'");
				GCC_SYMBOLS_PRIVATE_EXTERN = NO;
				INSTALL_PATH = "";
				OTHER_LDFLAGS = ("");
				OTHER_REZFLAGS = "";
				PRODUCT_NAME = ALL_BUILD;
				SECTORDER_FLAGS = "";
				SYMROOT = /Users/apple/Desktop/PRALG/TP4;
				USE_HEADERMAP = NO;
				WARNING_CFLAGS = ("$(inherited)");
			};
			name = MinSizeRel;
		};
		329E73E7D88A401EBA247C4C /* Debug */ = {
			isa = XCBuildConfiguration;
			buildSettings = {
				COMBINE_HIDPI_IMAGES = YES;
				EXECUTABLE_PREFIX = "";
				EXECUTABLE_SUFFIX = "";
				FRAMEWORK_SEARCH_PATHS = (/Applications/Xcode.app/Contents/Developer/Platforms/MacOSX.platform/Developer/SDKs/MacOSX10.15.sdk/System/Library/Frameworks,/Users/apple/Qt/5.12.9/clang_64/lib);
				GCC_GENERATE_DEBUGGING_SYMBOLS = YES;
				GCC_INLINES_ARE_PRIVATE_EXTERN = NO;
				GCC_OPTIMIZATION_LEVEL = 0;
				GCC_PREPROCESSOR_DEFINITIONS = ("'CMAKE_INTDIR=\"$(CONFIGURATION)$(EFFECTIVE_PLATFORM_NAME)\"'",QT_CORE_LIB,QT_WIDGETS_LIB,QT_GUI_LIB,QT_OPENGL_LIB);
				GCC_SYMBOLS_PRIVATE_EXTERN = NO;
				HEADER_SEARCH_PATHS = (/Library/Frameworks/Imagine.framework/Versions/Current/Resources/include);
				INSTALL_PATH = "";
				LD_RUNPATH_SEARCH_PATHS = /Users/apple/Qt/5.12.9/clang_64/lib;
				LIBRARY_SEARCH_PATHS = ();
				OTHER_CPLUSPLUSFLAGS = "   -DSRCDIR=\"/Users/apple/Desktop/PRALG/TP4\" -fPIC '-std=gnu++11' ";
				OTHER_LDFLAGS = ("-L\"/Library/Frameworks/Imagine.framework/Versions/Current/Resources/lib\" -Wl,-search_paths_first -Wl,-headerpad_max_install_names","-lImagineGraphics","-F /Users/apple/Qt/5.12.9/clang_64/lib","-framework QtOpenGL","-F /Applications/Xcode.app/Contents/Developer/Platforms/MacOSX.platform/Developer/SDKs/MacOSX10.15.sdk/System/Library/Frameworks","-framework OpenGL","-F /Applications/Xcode.app/Contents/Developer/Platforms/MacOSX.platform/Developer/SDKs/MacOSX10.15.sdk/System/Library/Frameworks","-framework OpenGL","-F /Users/apple/Qt/5.12.9/clang_64/lib","-framework QtWidgets","-F /Users/apple/Qt/5.12.9/clang_64/lib","-framework QtGui","-F /Users/apple/Qt/5.12.9/clang_64/lib","-framework QtCore");
				OTHER_REZFLAGS = "";
				PRODUCT_NAME = TP4;
				SECTORDER_FLAGS = "";
				SYMROOT = /Users/apple/Desktop/PRALG/TP4;
				SYSTEM_HEADER_SEARCH_PATHS = (/Users/apple/Qt/5.12.9/clang_64/lib/QtCore.framework/Headers,"/Users/apple/Qt/5.12.9/clang_64/./mkspecs/macx-clang",/Users/apple/Qt/5.12.9/clang_64/lib/QtWidgets.framework/Headers,/Users/apple/Qt/5.12.9/clang_64/lib/QtGui.framework/Headers,/Applications/Xcode.app/Contents/Developer/Platforms/MacOSX.platform/Developer/SDKs/MacOSX10.15.sdk/System/Library/Frameworks/OpenGL.framework/Headers,/Users/apple/Qt/5.12.9/clang_64/lib/QtOpenGL.framework/Headers);
				USE_HEADERMAP = NO;
				WARNING_CFLAGS = ("$(inherited)");
			};
			name = Debug;
		};
		54622916364849E2BE7F6FE0 /* RelWithDebInfo */ = {
			isa = XCBuildConfiguration;
			buildSettings = {
				COMBINE_HIDPI_IMAGES = YES;
				EXECUTABLE_PREFIX = "";
				EXECUTABLE_SUFFIX = "";
				FRAMEWORK_SEARCH_PATHS = (/Applications/Xcode.app/Contents/Developer/Platforms/MacOSX.platform/Developer/SDKs/MacOSX10.15.sdk/System/Library/Frameworks,/Users/apple/Qt/5.12.9/clang_64/lib);
				GCC_GENERATE_DEBUGGING_SYMBOLS = YES;
				GCC_INLINES_ARE_PRIVATE_EXTERN = NO;
				GCC_OPTIMIZATION_LEVEL = 2;
				GCC_PREPROCESSOR_DEFINITIONS = ("'CMAKE_INTDIR=\"$(CONFIGURATION)$(EFFECTIVE_PLATFORM_NAME)\"'",QT_CORE_LIB,QT_NO_DEBUG,QT_WIDGETS_LIB,QT_GUI_LIB,QT_OPENGL_LIB);
				GCC_SYMBOLS_PRIVATE_EXTERN = NO;
				HEADER_SEARCH_PATHS = (/Library/Frameworks/Imagine.framework/Versions/Current/Resources/include);
				INSTALL_PATH = "";
				LD_RUNPATH_SEARCH_PATHS = /Users/apple/Qt/5.12.9/clang_64/lib;
				LIBRARY_SEARCH_PATHS = ();
				OTHER_CPLUSPLUSFLAGS = "       -DNDEBUG -DSRCDIR=\"/Users/apple/Desktop/PRALG/TP4\" -fPIC '-std=gnu++11' ";
				OTHER_LDFLAGS = ("-L\"/Library/Frameworks/Imagine.framework/Versions/Current/Resources/lib\" -Wl,-search_paths_first -Wl,-headerpad_max_install_names","-lImagineGraphics","-F /Users/apple/Qt/5.12.9/clang_64/lib","-framework QtOpenGL","-F /Applications/Xcode.app/Contents/Developer/Platforms/MacOSX.platform/Developer/SDKs/MacOSX10.15.sdk/System/Library/Frameworks","-framework OpenGL","-F /Applications/Xcode.app/Contents/Developer/Platforms/MacOSX.platform/Developer/SDKs/MacOSX10.15.sdk/System/Library/Frameworks","-framework OpenGL","-F /Users/apple/Qt/5.12.9/clang_64/lib","-framework QtWidgets","-F /Users/apple/Qt/5.12.9/clang_64/lib","-framework QtGui","-F /Users/apple/Qt/5.12.9/clang_64/lib","-framework QtCore");
				OTHER_REZFLAGS = "";
				PRODUCT_NAME = TP4;
				SECTORDER_FLAGS = "";
				SYMROOT = /Users/apple/Desktop/PRALG/TP4;
				SYSTEM_HEADER_SEARCH_PATHS = (/Users/apple/Qt/5.12.9/clang_64/lib/QtCore.framework/Headers,"/Users/apple/Qt/5.12.9/clang_64/./mkspecs/macx-clang",/Users/apple/Qt/5.12.9/clang_64/lib/QtWidgets.framework/Headers,/Users/apple/Qt/5.12.9/clang_64/lib/QtGui.framework/Headers,/Applications/Xcode.app/Contents/Developer/Platforms/MacOSX.platform/Developer/SDKs/MacOSX10.15.sdk/System/Library/Frameworks/OpenGL.framework/Headers,/Users/apple/Qt/5.12.9/clang_64/lib/QtOpenGL.framework/Headers);
				USE_HEADERMAP = NO;
				WARNING_CFLAGS = ("$(inherited)");
			};
			name = RelWithDebInfo;
		};
		6535ABF7FF9C4B94A050ABC7 /* Debug */ = {
			isa = XCBuildConfiguration;
			buildSettings = {
				COMBINE_HIDPI_IMAGES = YES;
				GCC_GENERATE_DEBUGGING_SYMBOLS = YES;
				GCC_INLINES_ARE_PRIVATE_EXTERN = NO;
				GCC_OPTIMIZATION_LEVEL = 0;
				GCC_PREPROCESSOR_DEFINITIONS = ("'CMAKE_INTDIR=\"$(CONFIGURATION)$(EFFECTIVE_PLATFORM_NAME)\"'");
				GCC_SYMBOLS_PRIVATE_EXTERN = NO;
				INSTALL_PATH = "";
				OTHER_LDFLAGS = ("");
				OTHER_REZFLAGS = "";
				PRODUCT_NAME = ALL_BUILD;
				SECTORDER_FLAGS = "";
				SYMROOT = /Users/apple/Desktop/PRALG/TP4;
				USE_HEADERMAP = NO;
				WARNING_CFLAGS = ("$(inherited)");
			};
			name = Debug;
		};
		6AD35138B6674082B46901BD /* Debug */ = {
			isa = XCBuildConfiguration;
			buildSettings = {
				COMBINE_HIDPI_IMAGES = YES;
				GCC_GENERATE_DEBUGGING_SYMBOLS = YES;
				GCC_INLINES_ARE_PRIVATE_EXTERN = NO;
				GCC_OPTIMIZATION_LEVEL = 0;
				GCC_PREPROCESSOR_DEFINITIONS = ("'CMAKE_INTDIR=\"$(CONFIGURATION)$(EFFECTIVE_PLATFORM_NAME)\"'");
				GCC_SYMBOLS_PRIVATE_EXTERN = NO;
				INSTALL_PATH = "";
				OTHER_LDFLAGS = ("");
				OTHER_REZFLAGS = "";
				PRODUCT_NAME = ZERO_CHECK;
				SECTORDER_FLAGS = "";
				SYMROOT = /Users/apple/Desktop/PRALG/TP4;
				USE_HEADERMAP = NO;
				WARNING_CFLAGS = ("$(inherited)");
			};
			name = Debug;
		};
		72373323D3D64EC6A7BEFE36 /* MinSizeRel */ = {
			isa = XCBuildConfiguration;
			buildSettings = {
				COMBINE_HIDPI_IMAGES = YES;
				GCC_GENERATE_DEBUGGING_SYMBOLS = YES;
				GCC_INLINES_ARE_PRIVATE_EXTERN = NO;
				GCC_OPTIMIZATION_LEVEL = 0;
				GCC_PREPROCESSOR_DEFINITIONS = ("'CMAKE_INTDIR=\"$(CONFIGURATION)$(EFFECTIVE_PLATFORM_NAME)\"'");
				GCC_SYMBOLS_PRIVATE_EXTERN = NO;
				INSTALL_PATH = "";
				OTHER_LDFLAGS = ("");
				OTHER_REZFLAGS = "";
				PRODUCT_NAME = ZERO_CHECK;
				SECTORDER_FLAGS = "";
				SYMROOT = /Users/apple/Desktop/PRALG/TP4;
				USE_HEADERMAP = NO;
				WARNING_CFLAGS = ("$(inherited)");
			};
			name = MinSizeRel;
		};
		887BEC7CAD884064AEF019A4 /* Release */ = {
			isa = XCBuildConfiguration;
			buildSettings = {
				ARCHS = "$(NATIVE_ARCH_ACTUAL)";
				ONLY_ACTIVE_ARCH = YES;
				SDKROOT = /Applications/Xcode.app/Contents/Developer/Platforms/MacOSX.platform/Developer/SDKs/MacOSX10.15.sdk;
				SYMROOT = /Users/apple/Desktop/PRALG/TP4/build;
			};
			name = Release;
		};
		B433D16194134A51956F7E8E /* MinSizeRel */ = {
			isa = XCBuildConfiguration;
			buildSettings = {
				COMBINE_HIDPI_IMAGES = YES;
				EXECUTABLE_PREFIX = "";
				EXECUTABLE_SUFFIX = "";
				FRAMEWORK_SEARCH_PATHS = (/Applications/Xcode.app/Contents/Developer/Platforms/MacOSX.platform/Developer/SDKs/MacOSX10.15.sdk/System/Library/Frameworks,/Users/apple/Qt/5.12.9/clang_64/lib);
				GCC_GENERATE_DEBUGGING_SYMBOLS = NO;
				GCC_INLINES_ARE_PRIVATE_EXTERN = NO;
				GCC_OPTIMIZATION_LEVEL = s;
				GCC_PREPROCESSOR_DEFINITIONS = ("'CMAKE_INTDIR=\"$(CONFIGURATION)$(EFFECTIVE_PLATFORM_NAME)\"'",QT_CORE_LIB,QT_NO_DEBUG,QT_WIDGETS_LIB,QT_GUI_LIB,QT_OPENGL_LIB);
				GCC_SYMBOLS_PRIVATE_EXTERN = NO;
				HEADER_SEARCH_PATHS = (/Library/Frameworks/Imagine.framework/Versions/Current/Resources/include);
				INSTALL_PATH = "";
				LD_RUNPATH_SEARCH_PATHS = /Users/apple/Qt/5.12.9/clang_64/lib;
				LIBRARY_SEARCH_PATHS = ();
				OTHER_CPLUSPLUSFLAGS = "    -DNDEBUG -DSRCDIR=\"/Users/apple/Desktop/PRALG/TP4\" -fPIC '-std=gnu++11' ";
				OTHER_LDFLAGS = ("-L\"/Library/Frameworks/Imagine.framework/Versions/Current/Resources/lib\" -Wl,-search_paths_first -Wl,-headerpad_max_install_names","-lImagineGraphics","-F /Users/apple/Qt/5.12.9/clang_64/lib","-framework QtOpenGL","-F /Applications/Xcode.app/Contents/Developer/Platforms/MacOSX.platform/Developer/SDKs/MacOSX10.15.sdk/System/Library/Frameworks","-framework OpenGL","-F /Applications/Xcode.app/Contents/Developer/Platforms/MacOSX.platform/Developer/SDKs/MacOSX10.15.sdk/System/Library/Frameworks","-framework OpenGL","-F /Users/apple/Qt/5.12.9/clang_64/lib","-framework QtWidgets","-F /Users/apple/Qt/5.12.9/clang_64/lib","-framework QtGui","-F /Users/apple/Qt/5.12.9/clang_64/lib","-framework QtCore");
				OTHER_REZFLAGS = "";
				PRODUCT_NAME = TP4;
				SECTORDER_FLAGS = "";
				SYMROOT = /Users/apple/Desktop/PRALG/TP4;
				SYSTEM_HEADER_SEARCH_PATHS = (/Users/apple/Qt/5.12.9/clang_64/lib/QtCore.framework/Headers,"/Users/apple/Qt/5.12.9/clang_64/./mkspecs/macx-clang",/Users/apple/Qt/5.12.9/clang_64/lib/QtWidgets.framework/Headers,/Users/apple/Qt/5.12.9/clang_64/lib/QtGui.framework/Headers,/Applications/Xcode.app/Contents/Developer/Platforms/MacOSX.platform/Developer/SDKs/MacOSX10.15.sdk/System/Library/Frameworks/OpenGL.framework/Headers,/Users/apple/Qt/5.12.9/clang_64/lib/QtOpenGL.framework/Headers);
				USE_HEADERMAP = NO;
				WARNING_CFLAGS = ("$(inherited)");
			};
			name = MinSizeRel;
		};
		CFB48D8A2EF34F03836239FB /* RelWithDebInfo */ = {
			isa = XCBuildConfiguration;
			buildSettings = {
				ARCHS = "$(NATIVE_ARCH_ACTUAL)";
				ONLY_ACTIVE_ARCH = YES;
				SDKROOT = /Applications/Xcode.app/Contents/Developer/Platforms/MacOSX.platform/Developer/SDKs/MacOSX10.15.sdk;
				SYMROOT = /Users/apple/Desktop/PRALG/TP4/build;
			};
			name = RelWithDebInfo;
		};
		DAA2D151377747D690D3CBF4 /* RelWithDebInfo */ = {
			isa = XCBuildConfiguration;
			buildSettings = {
				COMBINE_HIDPI_IMAGES = YES;
				GCC_GENERATE_DEBUGGING_SYMBOLS = YES;
				GCC_INLINES_ARE_PRIVATE_EXTERN = NO;
				GCC_OPTIMIZATION_LEVEL = 0;
				GCC_PREPROCESSOR_DEFINITIONS = ("'CMAKE_INTDIR=\"$(CONFIGURATION)$(EFFECTIVE_PLATFORM_NAME)\"'");
				GCC_SYMBOLS_PRIVATE_EXTERN = NO;
				INSTALL_PATH = "";
				OTHER_LDFLAGS = ("");
				OTHER_REZFLAGS = "";
				PRODUCT_NAME = ZERO_CHECK;
				SECTORDER_FLAGS = "";
				SYMROOT = /Users/apple/Desktop/PRALG/TP4;
				USE_HEADERMAP = NO;
				WARNING_CFLAGS = ("$(inherited)");
			};
			name = RelWithDebInfo;
		};
		DF5F421686A84BDCBDA44DC3 /* RelWithDebInfo */ = {
			isa = XCBuildConfiguration;
			buildSettings = {
				COMBINE_HIDPI_IMAGES = YES;
				GCC_GENERATE_DEBUGGING_SYMBOLS = YES;
				GCC_INLINES_ARE_PRIVATE_EXTERN = NO;
				GCC_OPTIMIZATION_LEVEL = 0;
				GCC_PREPROCESSOR_DEFINITIONS = ("'CMAKE_INTDIR=\"$(CONFIGURATION)$(EFFECTIVE_PLATFORM_NAME)\"'");
				GCC_SYMBOLS_PRIVATE_EXTERN = NO;
				INSTALL_PATH = "";
				OTHER_LDFLAGS = ("");
				OTHER_REZFLAGS = "";
				PRODUCT_NAME = ALL_BUILD;
				SECTORDER_FLAGS = "";
				SYMROOT = /Users/apple/Desktop/PRALG/TP4;
				USE_HEADERMAP = NO;
				WARNING_CFLAGS = ("$(inherited)");
			};
			name = RelWithDebInfo;
		};
		E6B8651B000243B4A7D1FDA5 /* Release */ = {
			isa = XCBuildConfiguration;
			buildSettings = {
				COMBINE_HIDPI_IMAGES = YES;
				EXECUTABLE_PREFIX = "";
				EXECUTABLE_SUFFIX = "";
				FRAMEWORK_SEARCH_PATHS = (/Applications/Xcode.app/Contents/Developer/Platforms/MacOSX.platform/Developer/SDKs/MacOSX10.15.sdk/System/Library/Frameworks,/Users/apple/Qt/5.12.9/clang_64/lib);
				GCC_GENERATE_DEBUGGING_SYMBOLS = NO;
				GCC_INLINES_ARE_PRIVATE_EXTERN = NO;
				GCC_OPTIMIZATION_LEVEL = 3;
				GCC_PREPROCESSOR_DEFINITIONS = ("'CMAKE_INTDIR=\"$(CONFIGURATION)$(EFFECTIVE_PLATFORM_NAME)\"'",QT_CORE_LIB,QT_NO_DEBUG,QT_WIDGETS_LIB,QT_GUI_LIB,QT_OPENGL_LIB);
				GCC_SYMBOLS_PRIVATE_EXTERN = NO;
				HEADER_SEARCH_PATHS = (/Library/Frameworks/Imagine.framework/Versions/Current/Resources/include);
				INSTALL_PATH = "";
				LD_RUNPATH_SEARCH_PATHS = /Users/apple/Qt/5.12.9/clang_64/lib;
				LIBRARY_SEARCH_PATHS = ();
				OTHER_CPLUSPLUSFLAGS = "    -DNDEBUG -DSRCDIR=\"/Users/apple/Desktop/PRALG/TP4\" -fPIC '-std=gnu++11' ";
				OTHER_LDFLAGS = ("-L\"/Library/Frameworks/Imagine.framework/Versions/Current/Resources/lib\" -Wl,-search_paths_first -Wl,-headerpad_max_install_names","-lImagineGraphics","-F /Users/apple/Qt/5.12.9/clang_64/lib","-framework QtOpenGL","-F /Applications/Xcode.app/Contents/Developer/Platforms/MacOSX.platform/Developer/SDKs/MacOSX10.15.sdk/System/Library/Frameworks","-framework OpenGL","-F /Applications/Xcode.app/Contents/Developer/Platforms/MacOSX.platform/Developer/SDKs/MacOSX10.15.sdk/System/Library/Frameworks","-framework OpenGL","-F /Users/apple/Qt/5.12.9/clang_64/lib","-framework QtWidgets","-F /Users/apple/Qt/5.12.9/clang_64/lib","-framework QtGui","-F /Users/apple/Qt/5.12.9/clang_64/lib","-framework QtCore");
				OTHER_REZFLAGS = "";
				PRODUCT_NAME = TP4;
				SECTORDER_FLAGS = "";
				SYMROOT = /Users/apple/Desktop/PRALG/TP4;
				SYSTEM_HEADER_SEARCH_PATHS = (/Users/apple/Qt/5.12.9/clang_64/lib/QtCore.framework/Headers,"/Users/apple/Qt/5.12.9/clang_64/./mkspecs/macx-clang",/Users/apple/Qt/5.12.9/clang_64/lib/QtWidgets.framework/Headers,/Users/apple/Qt/5.12.9/clang_64/lib/QtGui.framework/Headers,/Applications/Xcode.app/Contents/Developer/Platforms/MacOSX.platform/Developer/SDKs/MacOSX10.15.sdk/System/Library/Frameworks/OpenGL.framework/Headers,/Users/apple/Qt/5.12.9/clang_64/lib/QtOpenGL.framework/Headers);
				USE_HEADERMAP = NO;
				WARNING_CFLAGS = ("$(inherited)");
			};
			name = Release;
		};
		F14F6AEDDC524585BF099EE4 /* Debug */ = {
			isa = XCBuildConfiguration;
			buildSettings = {
				ARCHS = "$(NATIVE_ARCH_ACTUAL)";
				ONLY_ACTIVE_ARCH = YES;
				SDKROOT = /Applications/Xcode.app/Contents/Developer/Platforms/MacOSX.platform/Developer/SDKs/MacOSX10.15.sdk;
				SYMROOT = /Users/apple/Desktop/PRALG/TP4/build;
			};
			name = Debug;
		};
/* End XCBuildConfiguration section */

/* Begin XCConfigurationList section */
		09E2FD8BB44F4D2A8328F804 /* Build configuration list for PBXAggregateTarget "ZERO_CHECK" */ = {
			isa = XCConfigurationList;
			buildConfigurations = (
				6AD35138B6674082B46901BD /* Debug */,
				07DC0C30EB3B41FC835BEC08 /* Release */,
				72373323D3D64EC6A7BEFE36 /* MinSizeRel */,
				DAA2D151377747D690D3CBF4 /* RelWithDebInfo */,
			);
			defaultConfigurationIsVisible = 0;
			defaultConfigurationName = Debug;
		};
		39F39450864D48F3B5F8E532 /* Build configuration list for PBXNativeTarget "TP4" */ = {
			isa = XCConfigurationList;
			buildConfigurations = (
				329E73E7D88A401EBA247C4C /* Debug */,
				E6B8651B000243B4A7D1FDA5 /* Release */,
				B433D16194134A51956F7E8E /* MinSizeRel */,
				54622916364849E2BE7F6FE0 /* RelWithDebInfo */,
			);
			defaultConfigurationIsVisible = 0;
			defaultConfigurationName = Debug;
		};
		41F344E1EC2C4539ABC60325 /* Build configuration list for PBXProject "TP4" */ = {
			isa = XCConfigurationList;
			buildConfigurations = (
				F14F6AEDDC524585BF099EE4 /* Debug */,
				887BEC7CAD884064AEF019A4 /* Release */,
				05CF79A606114F0CA7711F94 /* MinSizeRel */,
				CFB48D8A2EF34F03836239FB /* RelWithDebInfo */,
			);
			defaultConfigurationIsVisible = 0;
			defaultConfigurationName = Debug;
		};
		8F3A3B5CC42D4B9A92B7D703 /* Build configuration list for PBXAggregateTarget "ALL_BUILD" */ = {
			isa = XCConfigurationList;
			buildConfigurations = (
				6535ABF7FF9C4B94A050ABC7 /* Debug */,
				17E07CBA54EE47D499901264 /* Release */,
				1BDA45E60FA543E0A160B0F0 /* MinSizeRel */,
				DF5F421686A84BDCBDA44DC3 /* RelWithDebInfo */,
			);
			defaultConfigurationIsVisible = 0;
			defaultConfigurationName = Debug;
		};
/* End XCConfigurationList section */
	};
	rootObject = 8A1C88F0A33D4FB98D6DF41B /* Project object */;
}
